
Microsoft Visual Studio Solution File, Format Version 12.00
# Visual Studio 15
VisualStudioVersion = 15.0.27130.2024
MinimumVisualStudioVersion = 10.0.40219.1
Project("{8BC9CEB8-8B4A-11D0-8D11-00A0C91BC942}") = "LargeProgram2", "LargeProgram2\LargeProgram2.vcxproj", "{AEA270ED-3333-42DE-B0BD-14F94AAC8E93}"
EndProject
Global
	GlobalSection(SolutionConfigurationPlatforms) = preSolution
		Debug|x64 = Debug|x64
		Debug|x86 = Debug|x86
		Release|x64 = Release|x64
		Release|x86 = Release|x86
	EndGlobalSection
	GlobalSection(ProjectConfigurationPlatforms) = postSolution
		{AEA270ED-3333-42DE-B0BD-14F94AAC8E93}.Debug|x64.ActiveCfg = Debug|x64
		{AEA270ED-3333-42DE-B0BD-14F94AAC8E93}.Debug|x64.Build.0 = Debug|x64
		{AEA270ED-3333-42DE-B0BD-14F94AAC8E93}.Debug|x86.ActiveCfg = Debug|Win32
		{AEA270ED-3333-42DE-B0BD-14F94AAC8E93}.Debug|x86.Build.0 = Debug|Win32
		{AEA270ED-3333-42DE-B0BD-14F94AAC8E93}.Release|x64.ActiveCfg = Release|x64
		{AEA270ED-3333-42DE-B0BD-14F94AAC8E93}.Release|x64.Build.0 = Release|x64
		{AEA270ED-3333-42DE-B0BD-14F94AAC8E93}.Release|x86.ActiveCfg = Release|Win32
		{AEA270ED-3333-42DE-B0BD-14F94AAC8E93}.Release|x86.Build.0 = Release|Win32
	EndGlobalSection
	GlobalSection(SolutionProperties) = preSolution
		HideSolutionNode = FALSE
	EndGlobalSection
	GlobalSection(ExtensibilityGlobals) = postSolution
		SolutionGuid = {E456C78E-EB9C-4667-9265-B8686992A10E}
	EndGlobalSection
EndGlobal
