
Microsoft Visual Studio Solution File, Format Version 12.00
# Visual Studio 15
VisualStudioVersion = 15.0.27130.2024
MinimumVisualStudioVersion = 10.0.40219.1
Project("{8BC9CEB8-8B4A-11D0-8D11-00A0C91BC942}") = "Project5", "Project5\Project5.vcxproj", "{2C541C90-6403-4367-A9A6-A33AF8384F8B}"
EndProject
Global
	GlobalSection(SolutionConfigurationPlatforms) = preSolution
		Debug|x64 = Debug|x64
		Debug|x86 = Debug|x86
		Release|x64 = Release|x64
		Release|x86 = Release|x86
	EndGlobalSection
	GlobalSection(ProjectConfigurationPlatforms) = postSolution
		{2C541C90-6403-4367-A9A6-A33AF8384F8B}.Debug|x64.ActiveCfg = Debug|x64
		{2C541C90-6403-4367-A9A6-A33AF8384F8B}.Debug|x64.Build.0 = Debug|x64
		{2C541C90-6403-4367-A9A6-A33AF8384F8B}.Debug|x86.ActiveCfg = Debug|Win32
		{2C541C90-6403-4367-A9A6-A33AF8384F8B}.Debug|x86.Build.0 = Debug|Win32
		{2C541C90-6403-4367-A9A6-A33AF8384F8B}.Release|x64.ActiveCfg = Release|x64
		{2C541C90-6403-4367-A9A6-A33AF8384F8B}.Release|x64.Build.0 = Release|x64
		{2C541C90-6403-4367-A9A6-A33AF8384F8B}.Release|x86.ActiveCfg = Release|Win32
		{2C541C90-6403-4367-A9A6-A33AF8384F8B}.Release|x86.Build.0 = Release|Win32
	EndGlobalSection
	GlobalSection(SolutionProperties) = preSolution
		HideSolutionNode = FALSE
	EndGlobalSection
	GlobalSection(ExtensibilityGlobals) = postSolution
		SolutionGuid = {0A4B457D-4FC5-4303-9ECD-F71F870F5450}
	EndGlobalSection
EndGlobal
