
Microsoft Visual Studio Solution File, Format Version 12.00
# Visual Studio 15
VisualStudioVersion = 15.0.27130.2024
MinimumVisualStudioVersion = 10.0.40219.1
Project("{8BC9CEB8-8B4A-11D0-8D11-00A0C91BC942}") = "prog2", "prog2\prog2.vcxproj", "{3BA032EB-D816-4962-8FF5-63D1B7E4C708}"
EndProject
Global
	GlobalSection(SolutionConfigurationPlatforms) = preSolution
		Debug|x64 = Debug|x64
		Debug|x86 = Debug|x86
		Release|x64 = Release|x64
		Release|x86 = Release|x86
	EndGlobalSection
	GlobalSection(ProjectConfigurationPlatforms) = postSolution
		{3BA032EB-D816-4962-8FF5-63D1B7E4C708}.Debug|x64.ActiveCfg = Debug|x64
		{3BA032EB-D816-4962-8FF5-63D1B7E4C708}.Debug|x64.Build.0 = Debug|x64
		{3BA032EB-D816-4962-8FF5-63D1B7E4C708}.Debug|x86.ActiveCfg = Debug|Win32
		{3BA032EB-D816-4962-8FF5-63D1B7E4C708}.Debug|x86.Build.0 = Debug|Win32
		{3BA032EB-D816-4962-8FF5-63D1B7E4C708}.Release|x64.ActiveCfg = Release|x64
		{3BA032EB-D816-4962-8FF5-63D1B7E4C708}.Release|x64.Build.0 = Release|x64
		{3BA032EB-D816-4962-8FF5-63D1B7E4C708}.Release|x86.ActiveCfg = Release|Win32
		{3BA032EB-D816-4962-8FF5-63D1B7E4C708}.Release|x86.Build.0 = Release|Win32
	EndGlobalSection
	GlobalSection(SolutionProperties) = preSolution
		HideSolutionNode = FALSE
	EndGlobalSection
	GlobalSection(ExtensibilityGlobals) = postSolution
		SolutionGuid = {92757CB9-1124-4D76-AE13-4FA6987DF3AD}
	EndGlobalSection
EndGlobal
